
Microsoft Visual Studio Solution File, Format Version 12.00
# Visual Studio Version 17
VisualStudioVersion = 17.4.33213.308
MinimumVisualStudioVersion = 10.0.40219.1
Project("{9A19103F-16F7-4668-BE54-9A1E7A4F7556}") = "DatafusLibrary.Core", "DatafusLibrary.Core\DatafusLibrary.Core.csproj", "{6FF763A2-6767-42D2-8089-E1D8657415D0}"
EndProject
Project("{9A19103F-16F7-4668-BE54-9A1E7A4F7556}") = "DatafusLibrary.TestConsole", "DatafusLibrary.TestConsole\DatafusLibrary.TestConsole.csproj", "{3BD77DD1-7502-4042-A263-AA79DD3E51CC}"
EndProject
Project("{9A19103F-16F7-4668-BE54-9A1E7A4F7556}") = "DatafusLibrary.SourceGenerators", "DatafusLibrary.SourceGenerators\DatafusLibrary.SourceGenerators.csproj", "{B717A25A-4E23-4F5A-A021-B15C469AE21C}"
EndProject
Project("{9A19103F-16F7-4668-BE54-9A1E7A4F7556}") = "DatafusLibrary.SourceGenerators.Tests", "DatafusLibrary.SourceGenerators.Tests\DatafusLibrary.SourceGenerators.Tests.csproj", "{4E19F00C-5557-47E9-93D3-A5AD35B93001}"
EndProject
Global
	GlobalSection(SolutionConfigurationPlatforms) = preSolution
		Debug|Any CPU = Debug|Any CPU
		Release|Any CPU = Release|Any CPU
	EndGlobalSection
	GlobalSection(ProjectConfigurationPlatforms) = postSolution
		{6FF763A2-6767-42D2-8089-E1D8657415D0}.Debug|Any CPU.ActiveCfg = Debug|Any CPU
		{6FF763A2-6767-42D2-8089-E1D8657415D0}.Debug|Any CPU.Build.0 = Debug|Any CPU
		{6FF763A2-6767-42D2-8089-E1D8657415D0}.Release|Any CPU.ActiveCfg = Release|Any CPU
		{6FF763A2-6767-42D2-8089-E1D8657415D0}.Release|Any CPU.Build.0 = Release|Any CPU
		{3BD77DD1-7502-4042-A263-AA79DD3E51CC}.Debug|Any CPU.ActiveCfg = Debug|Any CPU
		{3BD77DD1-7502-4042-A263-AA79DD3E51CC}.Debug|Any CPU.Build.0 = Debug|Any CPU
		{3BD77DD1-7502-4042-A263-AA79DD3E51CC}.Release|Any CPU.ActiveCfg = Release|Any CPU
		{3BD77DD1-7502-4042-A263-AA79DD3E51CC}.Release|Any CPU.Build.0 = Release|Any CPU
		{B717A25A-4E23-4F5A-A021-B15C469AE21C}.Debug|Any CPU.ActiveCfg = Debug|Any CPU
		{B717A25A-4E23-4F5A-A021-B15C469AE21C}.Debug|Any CPU.Build.0 = Debug|Any CPU
		{B717A25A-4E23-4F5A-A021-B15C469AE21C}.Release|Any CPU.ActiveCfg = Release|Any CPU
		{B717A25A-4E23-4F5A-A021-B15C469AE21C}.Release|Any CPU.Build.0 = Release|Any CPU
		{4E19F00C-5557-47E9-93D3-A5AD35B93001}.Debug|Any CPU.ActiveCfg = Debug|Any CPU
		{4E19F00C-5557-47E9-93D3-A5AD35B93001}.Debug|Any CPU.Build.0 = Debug|Any CPU
		{4E19F00C-5557-47E9-93D3-A5AD35B93001}.Release|Any CPU.ActiveCfg = Release|Any CPU
		{4E19F00C-5557-47E9-93D3-A5AD35B93001}.Release|Any CPU.Build.0 = Release|Any CPU
	EndGlobalSection
	GlobalSection(SolutionProperties) = preSolution
		HideSolutionNode = FALSE
	EndGlobalSection
	GlobalSection(ExtensibilityGlobals) = postSolution
		SolutionGuid = {E25A79B3-186F-4A21-9926-AF889C8C7F2A}
	EndGlobalSection
EndGlobal
